
Microsoft Visual Studio Solution File, Format Version 12.00
# Visual Studio Version 17
VisualStudioVersion = 17.0.32014.148
MinimumVisualStudioVersion = 10.0.40219.1
Project("{FAE04EC0-301F-11D3-BF4B-00C04F79EFBC}") = "ConsultaCep", "ConsultaCep\ConsultaCep.csproj", "{BC351935-0151-4A3F-9278-06B2CB319E85}"
EndProject
Project("{FAE04EC0-301F-11D3-BF4B-00C04F79EFBC}") = "ConsultaCepForm", "ConsultaCepForm\ConsultaCepForm.csproj", "{F326254F-9B7E-49A7-A4D3-E9570306EAF2}"
EndProject
Global
	GlobalSection(SolutionConfigurationPlatforms) = preSolution
		Debug|Any CPU = Debug|Any CPU
		Release|Any CPU = Release|Any CPU
	EndGlobalSection
	GlobalSection(ProjectConfigurationPlatforms) = postSolution
		{BC351935-0151-4A3F-9278-06B2CB319E85}.Debug|Any CPU.ActiveCfg = Debug|Any CPU
		{BC351935-0151-4A3F-9278-06B2CB319E85}.Debug|Any CPU.Build.0 = Debug|Any CPU
		{BC351935-0151-4A3F-9278-06B2CB319E85}.Release|Any CPU.ActiveCfg = Release|Any CPU
		{BC351935-0151-4A3F-9278-06B2CB319E85}.Release|Any CPU.Build.0 = Release|Any CPU
		{F326254F-9B7E-49A7-A4D3-E9570306EAF2}.Debug|Any CPU.ActiveCfg = Debug|Any CPU
		{F326254F-9B7E-49A7-A4D3-E9570306EAF2}.Debug|Any CPU.Build.0 = Debug|Any CPU
		{F326254F-9B7E-49A7-A4D3-E9570306EAF2}.Release|Any CPU.ActiveCfg = Release|Any CPU
		{F326254F-9B7E-49A7-A4D3-E9570306EAF2}.Release|Any CPU.Build.0 = Release|Any CPU
	EndGlobalSection
	GlobalSection(SolutionProperties) = preSolution
		HideSolutionNode = FALSE
	EndGlobalSection
	GlobalSection(ExtensibilityGlobals) = postSolution
		SolutionGuid = {7DFD86D1-D0BD-4F52-B349-F0E1CC179536}
	EndGlobalSection
EndGlobal
